Microsoft Visual Studio Solution File, Format Version 12.00
# Visual Studio 15
VisualStudioVersion = 15.0.27130.2027
MinimumVisualStudioVersion = 15.0.26124.0
Project("{9A19103F-16F7-4668-BE54-9A1E7A4F7556}") = "Evoq.Configuration", "src\Evoq.Configuration\Evoq.Configuration.csproj", "{5482BFBE-1C69-4CC5-87AA-67E41C76C7D0}"
EndProject
Project("{9A19103F-16F7-4668-BE54-9A1E7A4F7556}") = "Evoq.Configuration.UnitTests", "tests\Evoq.Configuration.UnitTests\Evoq.Configuration.UnitTests.csproj", "{BE957FEF-551B-4332-A70E-B63A9AC5C74D}"
EndProject
Global
	GlobalSection(SolutionConfigurationPlatforms) = preSolution
		Debug|Any CPU = Debug|Any CPU
		Release|Any CPU = Release|Any CPU
	EndGlobalSection
	GlobalSection(ProjectConfigurationPlatforms) = postSolution
		{5482BFBE-1C69-4CC5-87AA-67E41C76C7D0}.Debug|Any CPU.ActiveCfg = Debug|Any CPU
		{5482BFBE-1C69-4CC5-87AA-67E41C76C7D0}.Debug|Any CPU.Build.0 = Debug|Any CPU
		{5482BFBE-1C69-4CC5-87AA-67E41C76C7D0}.Release|Any CPU.ActiveCfg = Release|Any CPU
		{5482BFBE-1C69-4CC5-87AA-67E41C76C7D0}.Release|Any CPU.Build.0 = Release|Any CPU
		{BE957FEF-551B-4332-A70E-B63A9AC5C74D}.Debug|Any CPU.ActiveCfg = Debug|Any CPU
		{BE957FEF-551B-4332-A70E-B63A9AC5C74D}.Debug|Any CPU.Build.0 = Debug|Any CPU
		{BE957FEF-551B-4332-A70E-B63A9AC5C74D}.Release|Any CPU.ActiveCfg = Release|Any CPU
		{BE957FEF-551B-4332-A70E-B63A9AC5C74D}.Release|Any CPU.Build.0 = Release|Any CPU
	EndGlobalSection
	GlobalSection(SolutionProperties) = preSolution
		HideSolutionNode = FALSE
	EndGlobalSection
	GlobalSection(ExtensibilityGlobals) = postSolution
		SolutionGuid = {23566B6A-E857-4B73-B111-007C149E48B5}
	EndGlobalSection
EndGlobal
