Microsoft Visual Studio Solution File, Format Version 12.00
# Visual Studio 15
VisualStudioVersion = 15.0.27130.2027
MinimumVisualStudioVersion = 15.0.26124.0
Project("{9A19103F-16F7-4668-BE54-9A1E7A4F7556}") = "ConfigurationLib", "ConfigurationLib\ConfigurationLib.csproj", "{71684CBB-CB56-4C59-AADA-876BEBAE3737}"
EndProject
Project("{9A19103F-16F7-4668-BE54-9A1E7A4F7556}") = "ConfigurationLib.UnitTests", "ConfigurationLib.UnitTests\ConfigurationLib.UnitTests.csproj", "{86A0D3F2-FA31-4D5F-AACF-E33550AA94BB}"
EndProject
Global
	GlobalSection(SolutionConfigurationPlatforms) = preSolution
		Debug|Any CPU = Debug|Any CPU
		Debug|x64 = Debug|x64
		Debug|x86 = Debug|x86
		Release|Any CPU = Release|Any CPU
		Release|x64 = Release|x64
		Release|x86 = Release|x86
	EndGlobalSection
	GlobalSection(ProjectConfigurationPlatforms) = postSolution
		{71684CBB-CB56-4C59-AADA-876BEBAE3737}.Debug|Any CPU.ActiveCfg = Debug|Any CPU
		{71684CBB-CB56-4C59-AADA-876BEBAE3737}.Debug|Any CPU.Build.0 = Debug|Any CPU
		{71684CBB-CB56-4C59-AADA-876BEBAE3737}.Debug|x64.ActiveCfg = Debug|Any CPU
		{71684CBB-CB56-4C59-AADA-876BEBAE3737}.Debug|x64.Build.0 = Debug|Any CPU
		{71684CBB-CB56-4C59-AADA-876BEBAE3737}.Debug|x86.ActiveCfg = Debug|Any CPU
		{71684CBB-CB56-4C59-AADA-876BEBAE3737}.Debug|x86.Build.0 = Debug|Any CPU
		{71684CBB-CB56-4C59-AADA-876BEBAE3737}.Release|Any CPU.ActiveCfg = Release|Any CPU
		{71684CBB-CB56-4C59-AADA-876BEBAE3737}.Release|Any CPU.Build.0 = Release|Any CPU
		{71684CBB-CB56-4C59-AADA-876BEBAE3737}.Release|x64.ActiveCfg = Release|Any CPU
		{71684CBB-CB56-4C59-AADA-876BEBAE3737}.Release|x64.Build.0 = Release|Any CPU
		{71684CBB-CB56-4C59-AADA-876BEBAE3737}.Release|x86.ActiveCfg = Release|Any CPU
		{71684CBB-CB56-4C59-AADA-876BEBAE3737}.Release|x86.Build.0 = Release|Any CPU
		{86A0D3F2-FA31-4D5F-AACF-E33550AA94BB}.Debug|Any CPU.ActiveCfg = Debug|Any CPU
		{86A0D3F2-FA31-4D5F-AACF-E33550AA94BB}.Debug|Any CPU.Build.0 = Debug|Any CPU
		{86A0D3F2-FA31-4D5F-AACF-E33550AA94BB}.Debug|x64.ActiveCfg = Debug|Any CPU
		{86A0D3F2-FA31-4D5F-AACF-E33550AA94BB}.Debug|x64.Build.0 = Debug|Any CPU
		{86A0D3F2-FA31-4D5F-AACF-E33550AA94BB}.Debug|x86.ActiveCfg = Debug|Any CPU
		{86A0D3F2-FA31-4D5F-AACF-E33550AA94BB}.Debug|x86.Build.0 = Debug|Any CPU
		{86A0D3F2-FA31-4D5F-AACF-E33550AA94BB}.Release|Any CPU.ActiveCfg = Release|Any CPU
		{86A0D3F2-FA31-4D5F-AACF-E33550AA94BB}.Release|Any CPU.Build.0 = Release|Any CPU
		{86A0D3F2-FA31-4D5F-AACF-E33550AA94BB}.Release|x64.ActiveCfg = Release|Any CPU
		{86A0D3F2-FA31-4D5F-AACF-E33550AA94BB}.Release|x64.Build.0 = Release|Any CPU
		{86A0D3F2-FA31-4D5F-AACF-E33550AA94BB}.Release|x86.ActiveCfg = Release|Any CPU
		{86A0D3F2-FA31-4D5F-AACF-E33550AA94BB}.Release|x86.Build.0 = Release|Any CPU
	EndGlobalSection
	GlobalSection(SolutionProperties) = preSolution
		HideSolutionNode = FALSE
	EndGlobalSection
	GlobalSection(ExtensibilityGlobals) = postSolution
		SolutionGuid = {23566B6A-E857-4B73-B111-007C149E48B5}
	EndGlobalSection
EndGlobal
